
Microsoft Visual Studio Solution File, Format Version 12.00
# Visual Studio 15
Project("{FAE04EC0-301F-11D3-BF4B-00C04F79EFBC}") = "UnityEngine.UI", "UnityEngine.UI.csproj", "{5D2E2DEC-B5B6-5320-5A0E-F6944623D21C}"
EndProject
Project("{FAE04EC0-301F-11D3-BF4B-00C04F79EFBC}") = "Assembly-CSharp", "Assembly-CSharp.csproj", "{2020F1F4-3FD5-31C8-3C8F-53B484E88CAE}"
EndProject
Project("{FAE04EC0-301F-11D3-BF4B-00C04F79EFBC}") = "UnityEditor.UI", "UnityEditor.UI.csproj", "{3C07DBF8-0DE8-B38C-4D28-5184D2269C06}"
EndProject
Project("{FAE04EC0-301F-11D3-BF4B-00C04F79EFBC}") = "Assembly-CSharp-Editor", "Assembly-CSharp-Editor.csproj", "{8034D36A-82D7-72DE-B212-A1BEECCD484C}"
EndProject
Project("{FAE04EC0-301F-11D3-BF4B-00C04F79EFBC}") = "UnityEngine.UI", "UnityEngine.UI.Player.csproj", "{937A8541-C46F-A314-5B6D-429C47A880B9}"
EndProject
Project("{FAE04EC0-301F-11D3-BF4B-00C04F79EFBC}") = "Assembly-CSharp", "Assembly-CSharp.Player.csproj", "{C8AE4D2D-BECF-8B2B-92BA-183AEBABF57A}"
EndProject
Project("{9A19103F-16F7-4668-BE54-9A1E7A4F7556}") = "YondaimeFramework", "YondaimeDll\YondaimeFramework\YondaimeFramework.csproj", "{59FF64D9-2E6D-483B-9BEB-2AB35C59E1CB}"
EndProject
Project("{9A19103F-16F7-4668-BE54-9A1E7A4F7556}") = "YondaimeDll Editor", "YondaimeDll\YondaimeDll Editor\YondaimeDll Editor.csproj", "{EFD1A27C-9E39-450C-BB12-89FAF48B5604}"
EndProject
Global
	GlobalSection(SolutionConfigurationPlatforms) = preSolution
		Debug|Any CPU = Debug|Any CPU
		Release|Any CPU = Release|Any CPU
	EndGlobalSection
	GlobalSection(ProjectConfigurationPlatforms) = postSolution
		{5D2E2DEC-B5B6-5320-5A0E-F6944623D21C}.Debug|Any CPU.ActiveCfg = Debug|Any CPU
		{5D2E2DEC-B5B6-5320-5A0E-F6944623D21C}.Debug|Any CPU.Build.0 = Debug|Any CPU
		{5D2E2DEC-B5B6-5320-5A0E-F6944623D21C}.Release|Any CPU.ActiveCfg = Release|Any CPU
		{5D2E2DEC-B5B6-5320-5A0E-F6944623D21C}.Release|Any CPU.Build.0 = Release|Any CPU
		{2020F1F4-3FD5-31C8-3C8F-53B484E88CAE}.Debug|Any CPU.ActiveCfg = Debug|Any CPU
		{2020F1F4-3FD5-31C8-3C8F-53B484E88CAE}.Debug|Any CPU.Build.0 = Debug|Any CPU
		{2020F1F4-3FD5-31C8-3C8F-53B484E88CAE}.Release|Any CPU.ActiveCfg = Release|Any CPU
		{2020F1F4-3FD5-31C8-3C8F-53B484E88CAE}.Release|Any CPU.Build.0 = Release|Any CPU
		{3C07DBF8-0DE8-B38C-4D28-5184D2269C06}.Debug|Any CPU.ActiveCfg = Debug|Any CPU
		{3C07DBF8-0DE8-B38C-4D28-5184D2269C06}.Debug|Any CPU.Build.0 = Debug|Any CPU
		{3C07DBF8-0DE8-B38C-4D28-5184D2269C06}.Release|Any CPU.ActiveCfg = Release|Any CPU
		{3C07DBF8-0DE8-B38C-4D28-5184D2269C06}.Release|Any CPU.Build.0 = Release|Any CPU
		{8034D36A-82D7-72DE-B212-A1BEECCD484C}.Debug|Any CPU.ActiveCfg = Debug|Any CPU
		{8034D36A-82D7-72DE-B212-A1BEECCD484C}.Debug|Any CPU.Build.0 = Debug|Any CPU
		{8034D36A-82D7-72DE-B212-A1BEECCD484C}.Release|Any CPU.ActiveCfg = Release|Any CPU
		{8034D36A-82D7-72DE-B212-A1BEECCD484C}.Release|Any CPU.Build.0 = Release|Any CPU
		{937A8541-C46F-A314-5B6D-429C47A880B9}.Debug|Any CPU.ActiveCfg = Debug|Any CPU
		{937A8541-C46F-A314-5B6D-429C47A880B9}.Debug|Any CPU.Build.0 = Debug|Any CPU
		{937A8541-C46F-A314-5B6D-429C47A880B9}.Release|Any CPU.ActiveCfg = Release|Any CPU
		{937A8541-C46F-A314-5B6D-429C47A880B9}.Release|Any CPU.Build.0 = Release|Any CPU
		{C8AE4D2D-BECF-8B2B-92BA-183AEBABF57A}.Debug|Any CPU.ActiveCfg = Debug|Any CPU
		{C8AE4D2D-BECF-8B2B-92BA-183AEBABF57A}.Debug|Any CPU.Build.0 = Debug|Any CPU
		{C8AE4D2D-BECF-8B2B-92BA-183AEBABF57A}.Release|Any CPU.ActiveCfg = Release|Any CPU
		{C8AE4D2D-BECF-8B2B-92BA-183AEBABF57A}.Release|Any CPU.Build.0 = Release|Any CPU
		{59FF64D9-2E6D-483B-9BEB-2AB35C59E1CB}.Debug|Any CPU.ActiveCfg = Debug|Any CPU
		{59FF64D9-2E6D-483B-9BEB-2AB35C59E1CB}.Debug|Any CPU.Build.0 = Debug|Any CPU
		{59FF64D9-2E6D-483B-9BEB-2AB35C59E1CB}.Release|Any CPU.ActiveCfg = Release|Any CPU
		{59FF64D9-2E6D-483B-9BEB-2AB35C59E1CB}.Release|Any CPU.Build.0 = Release|Any CPU
		{EFD1A27C-9E39-450C-BB12-89FAF48B5604}.Debug|Any CPU.ActiveCfg = Debug|Any CPU
		{EFD1A27C-9E39-450C-BB12-89FAF48B5604}.Debug|Any CPU.Build.0 = Debug|Any CPU
		{EFD1A27C-9E39-450C-BB12-89FAF48B5604}.Release|Any CPU.ActiveCfg = Release|Any CPU
		{EFD1A27C-9E39-450C-BB12-89FAF48B5604}.Release|Any CPU.Build.0 = Release|Any CPU
	EndGlobalSection
	GlobalSection(SolutionProperties) = preSolution
		HideSolutionNode = FALSE
	EndGlobalSection
EndGlobal
